{
    "_meta": {
        "hash": {
            "sha256": "0816355a561da06a3ab10b8b40d74fbb12ae6d1bd0fe978ccc176ff72b43870d"
        },
        "pipfile-spec": 6,
        "requires": {
            "python_full_version": "3.11.3",
            "python_version": "3.11"
        },
        "sources": [
            {
                "name": "pypi",
                "url": "https://pypi.org/simple",
                "verify_ssl": true
            }
        ]
    },
    "default": {
        "orjson": {
            "hashes": [
                "sha256:04b60dfc1251742e79bb075d7a7c4e37078b932a02e6f005c45761bd90c69189",
                "sha256:08729e339ff3146e6de56c1166f014c3d2ec3e79ffb76d6c55d52cc892e5e477",
                "sha256:0a53b3c02a38aadc5302661c2ca18645093971488992df77ce14fef16f598b2e",
                "sha256:0bc3d1b93a73b46a698c054697eb2d27bdedbc5ea0d11ec5f1a6bfbec36346b5",
                "sha256:0f9415b86ef154bf247fa78a6918aac50089c296e26fb6cf15bc9d7e6402a1f8",
                "sha256:1103e597c16f82c241e1b02beadc9c91cecd93e60433ca73cb6464dcc235f37c",
                "sha256:12f647d4da0aab1997e25bed4fa2b76782b5b9d2d1bf3066b5f0a57d34d833c4",
                "sha256:173b8f8c750590f432757292cfb197582e5c14347b913b4017561d47af0e759b",
                "sha256:176d742f53434541e50a5e659694073aa51dcbd8f29a1708a4fa1a320193c615",
                "sha256:1e97fdbb779a3b8f5d9fc7dfddef5325f81ee45897eb7cb4638d5d9734d42514",
                "sha256:1fedcc428416e23a6c9de62a000c22ae33bbe0108302ad5d5935e29ea739bf37",
                "sha256:235926b38ed9b76ab2bca99ff26ece79c1c46bc10079b06e660b087aecffbe69",
                "sha256:2fc050f8e7f2e4061c8c9968ad0be745b11b03913b77ffa8ceca65914696886c",
                "sha256:3485c458670c0edb79ca149fe201f199dd9ccfe7ca3acbdef617e3c683e7b97f",
                "sha256:358e515b8b19a275b259f5ee1e0efa2859b1d976b5ed5d016ac59f9e6c8788a3",
                "sha256:37f38c8194ce086e6a9816b4b8dde5e7f383feeed92feec0385d99baf64f9b6e",
                "sha256:382f15861a4bf447ab9d07106010e61b217ef6d4245c6cf64af0c12c4c5e2346",
                "sha256:3afccf7f8684dca7f017837a315de0a1ab5c095de22a4eed206d079f9325ed72",
                "sha256:3b65424ceee82b94e3613233b67ef110dc58f9d83b0076ec47a506289552a861",
                "sha256:3c55065bc2075a5ea6ffb30462d84fd3aa5bbb7ae600855c325ee5753feec715",
                "sha256:4118dcd2b5a27a22af5ad92414073f25d93bca1868f1f580056003c84841062f",
                "sha256:553fdaf9f4b5060a0dcc517ae0c511c289c184a83d6719d03c5602ed0eef0390",
                "sha256:58c068f93d701f9466f667bf3b5cb4e4946aee940df2b07ca5101f1cf1b60ce4",
                "sha256:5c3b5405edc3a5f9e34516ee1a729f6c46aecf6de960ae07a7b3e95ebdd0e1d9",
                "sha256:5ff10789cbc08a9fd94507c907ba55b9315e99f20345ff8ef34fac432dacd948",
                "sha256:62eb8bdcf6f4cdbe12743e88ad98696277a75f91a35e8fb93a7ea2b9f4a7000c",
                "sha256:66f0c9e4e8f6641497a7dc50591af3704b11468e9fc90cfb5874f28b0a61edb5",
                "sha256:6d7b050135669d2335e40120215ad4120e29958c139f8bab68ce06a1cb1a1b2c",
                "sha256:714c3e2be6ed7e4ff6e887926d6e171bfd94fdee76d7d3bfa74ee19237a2d49d",
                "sha256:71a656f1c62e84c69060093e20cedff6a92e472d53ff5b8b9026b1b298542a68",
                "sha256:7c7b4fae3b8fc69c8e76f1c0694f3decfe8a57f87e7ac7779ebb59cd71135438",
                "sha256:7e4ded77ac7432a155d1d27a83bcadf722750aea3b9e6c4d47f2a92054ab71cb",
                "sha256:882c77126c42dd93bb35288632d69b1e393863a2b752de3e5fe0112833609496",
                "sha256:9486963d2e65482c565dacb366adb36d22aa22acf7274b61490244c3d87fa631",
                "sha256:982ab319b7a5ece4199caf2a2b3a28e62a8e289cb6418548ef98bced7e2a6cfe",
                "sha256:98befa717efaab7ddb847ebe47d473f6bd6f0cb53e98e6c3d487c7c58ba2e174",
                "sha256:9fa900bdd84b4576c8dd6f3e2a00b35797f29283af328c6e3d70addfa4c2d599",
                "sha256:b369019e597b59c4b97e9f925a3b725321fa1481c129d76c74c6ea3823f5d1e8",
                "sha256:b68a07794834b7bd53ae2a8b4fe4bf010734cae3f0917d434c83b97acf8e5bce",
                "sha256:bf48ed8d4b6ab9f23b7ee642462369d7133412d72824bad89f9bf4311c06c6a1",
                "sha256:c2d3e6b65458ed71b6797f321d6e8bfeeadee9d3d31cac47806a608ea745edd7",
                "sha256:c67ac094a4dde914297543af19f22532d7124f3a35245580d8b756c4ff2f5884",
                "sha256:cdf201e77d3fac9d8d6f68d872ef45dccfe46f30b268bb88b6c5af5065b433aa",
                "sha256:d47f97b99beb9bcac6e288a76b559543a61e0187443d8089204b757726b1d000",
                "sha256:d70b6db9d4e1e6057829cd7fe119c217cebaf989f88d14b2445fa69fc568d03e",
                "sha256:d7d5aecccfaf2052cd07ed5bec8efba9ddfea055682fcd346047b1a3e9da3034",
                "sha256:e14903bfeb591a9117b7d40d81e3ebca9700b4e77bd829d6f22ea57941bb0ebf",
                "sha256:ef52f1d5a2f89ef9049781c90ea35d5edf74374ed6ed515c286a706d1b290267",
                "sha256:f2ef933da50b31c112b252be03d1ef59e0d0552c1a08e48295bd529ce42aaab8",
                "sha256:f4e4a1001933166fd1c257b920b241b35322bef99ed7329338bf266ac053abe7",
                "sha256:f7aeefac55848aeb29f20b91fa55f9e488f446201bb1bb31dc17480d113d8955"
            ],
            "index": "pypi",
            "version": "==3.8.11"
        },
        "pathlib": {
            "hashes": [
                "sha256:6940718dfc3eff4258203ad5021090933e5c04707d5ca8cc9e73c94a7894ea9f",
                "sha256:f35f95ab8b0f59e6d354090350b44a80a80635d22efdedfa84c7ad1cf0a74147"
            ],
            "index": "pypi",
            "version": "==1.0.1"
        },
        "pyside6": {
            "hashes": [
                "sha256:13e8e96aa7a89840575505f50b9635e6450bf413ff46288d1085b3a9f8b225c1",
                "sha256:5102c57841b15facb0aeca1f23d689ebc528a609bf5fb907f1ef2747f6415001",
                "sha256:7242fe09aaeb3399152fa1c6c25098b93df945620a4bd81a37de0ecb2f64fd5d",
                "sha256:c1c7244a4e83b3a4ea965f4a85776ebc64fa3c9b4af77ad70b22e64ccec3d451",
                "sha256:cb059a0f3d4b763451a1e8dec440784dff1728e9ace6cb81c541cc1354c5f3dc",
                "sha256:f30e1d0319ea4d2ddac654c58377079a40f38c4cac7b6fd631902f91190c1fc8"
            ],
            "index": "pypi",
            "version": "==6.5.0"
        },
        "pyside6-addons": {
            "hashes": [
                "sha256:1a9545df3e77c656a3708eaa3584d98ff41720c7dadf344d5126d66e83d0ab5a",
                "sha256:29551ca63a1cbc0fcd17fa9e477282857e2c66c3a55fdb9754b75519d5adf89a",
                "sha256:9ed197a05f1c279d1589d8535040fe5e21b92fa19933e38de962050cb58f6c05",
                "sha256:d29e84d0b54c5fdeb6cc405d537788a648da975cc58e37f0df3a17cd11a67f1d",
                "sha256:db7a6117c3f944b4827204ed7f346030fc10c602521f278310a78021567df28f",
                "sha256:fd5bc46cfffac7afa2f76c3dc6cb6f567a0ad1276d8177797c1bc152aec50f35"
            ],
            "markers": "python_version < '3.12' and python_version >= '3.7'",
            "version": "==6.5.0"
        },
        "pyside6-essentials": {
            "hashes": [
                "sha256:0287ec94ee1923d430bb20836bc649a5c76a59281245de469d7f759cc73c5ea7",
                "sha256:4517e27fc540d9e645ea12dea82c8b29c042d66aaef46960a125cccdf0079800",
                "sha256:58a88a099171c55a7e41e519208c9ca93661d277bb73c5897a2e3f2cbe5248b7",
                "sha256:987c2ec04c35481c841de9b25931d2d074eb7d2e591aa5628041b2ca2df96d0e",
                "sha256:bc2e0a9dafe383ab965e98b6ddf73f709da3736197dea8eab265fd3e524db993",
                "sha256:f00d4f10758cdc3f49f94465ead788ad294dac7d9cc5e1cc0610e97c2bdfc8d7"
            ],
            "markers": "python_version < '3.12' and python_version >= '3.7'",
            "version": "==6.5.0"
        },
        "pywin32": {
            "hashes": [
                "sha256:06d3420a5155ba65f0b72f2699b5bacf3109f36acbe8923765c22938a69dfc8d",
                "sha256:1c73ea9a0d2283d889001998059f5eaaba3b6238f767c9cf2833b13e6a685f65",
                "sha256:37257794c1ad39ee9be652da0462dc2e394c8159dfd913a8a4e8eb6fd346da0e",
                "sha256:383229d515657f4e3ed1343da8be101000562bf514591ff383ae940cad65458b",
                "sha256:39b61c15272833b5c329a2989999dcae836b1eed650252ab1b7bfbe1d59f30f4",
                "sha256:5821ec52f6d321aa59e2db7e0a35b997de60c201943557d108af9d4ae1ec7040",
                "sha256:70dba0c913d19f942a2db25217d9a1b726c278f483a919f1abfed79c9cf64d3a",
                "sha256:72c5f621542d7bdd4fdb716227be0dd3f8565c11b280be6315b06ace35487d36",
                "sha256:84f4471dbca1887ea3803d8848a1616429ac94a4a8d05f4bc9c5dcfd42ca99c8",
                "sha256:a7639f51c184c0272e93f244eb24dafca9b1855707d94c192d4a0b4c01e1100e",
                "sha256:e25fd5b485b55ac9c057f67d94bc203f3f6595078d1fb3b458c9c28b7153a802",
                "sha256:e4c092e2589b5cf0d365849e73e02c391c1349958c5ac3e9d5ccb9a28e017b3a",
                "sha256:e65028133d15b64d2ed8f06dd9fbc268352478d4f9289e69c190ecd6818b6407",
                "sha256:e8ac1ae3601bee6ca9f7cb4b5363bf1c0badb935ef243c4733ff9a393b1690c0"
            ],
            "index": "pypi",
            "version": "==306"
        },
        "schedule": {
            "hashes": [
                "sha256:415908febaba0bc9a7c727a32efb407d646fe994367ef9157d123aabbe539ea8",
                "sha256:b4ad697aafba7184c9eb6a1e2ebc41f781547242acde8ceae9a0a25b04c0922d"
            ],
            "index": "pypi",
            "version": "==1.2.0"
        },
        "shiboken6": {
            "hashes": [
                "sha256:1bba668221a5cf40186cea93ced018cf788d7476d50968a3f073ebbe41ce712d",
                "sha256:2d7fe6534a51ec9c96b82fc6275cf75e85ab29276a9778aed756465f81adf0c1",
                "sha256:46ff977f96c9d45dba3c3a313628356fd40e4423bb65bf2d9870b73396fad8be",
                "sha256:6e2874ea013d4cea7819935977bffa4c634ebcaabcb5287798df9f0c2f10c4c0",
                "sha256:72888ebc5ef7295df27197c0af726bd6731e2a883b346e448e2c740b3e34bc2f",
                "sha256:aee9708517821aaef547c83d689bf524d6f217d47232cb313d9af9e630215eed"
            ],
            "markers": "python_version < '3.12' and python_version >= '3.7'",
            "version": "==6.5.0"
        },
        "watchdog": {
            "hashes": [
                "sha256:0e06ab8858a76e1219e68c7573dfeba9dd1c0219476c5a44d5333b01d7e1743a",
                "sha256:13bbbb462ee42ec3c5723e1205be8ced776f05b100e4737518c67c8325cf6100",
                "sha256:233b5817932685d39a7896b1090353fc8efc1ef99c9c054e46c8002561252fb8",
                "sha256:25f70b4aa53bd743729c7475d7ec41093a580528b100e9a8c5b5efe8899592fc",
                "sha256:2b57a1e730af3156d13b7fdddfc23dea6487fceca29fc75c5a868beed29177ae",
                "sha256:336adfc6f5cc4e037d52db31194f7581ff744b67382eb6021c868322e32eef41",
                "sha256:3aa7f6a12e831ddfe78cdd4f8996af9cf334fd6346531b16cec61c3b3c0d8da0",
                "sha256:3ed7c71a9dccfe838c2f0b6314ed0d9b22e77d268c67e015450a29036a81f60f",
                "sha256:4c9956d27be0bb08fc5f30d9d0179a855436e655f046d288e2bcc11adfae893c",
                "sha256:4d98a320595da7a7c5a18fc48cb633c2e73cda78f93cac2ef42d42bf609a33f9",
                "sha256:4f94069eb16657d2c6faada4624c39464f65c05606af50bb7902e036e3219be3",
                "sha256:5113334cf8cf0ac8cd45e1f8309a603291b614191c9add34d33075727a967709",
                "sha256:51f90f73b4697bac9c9a78394c3acbbd331ccd3655c11be1a15ae6fe289a8c83",
                "sha256:5d9f3a10e02d7371cd929b5d8f11e87d4bad890212ed3901f9b4d68767bee759",
                "sha256:7ade88d0d778b1b222adebcc0927428f883db07017618a5e684fd03b83342bd9",
                "sha256:7c5f84b5194c24dd573fa6472685b2a27cc5a17fe5f7b6fd40345378ca6812e3",
                "sha256:7e447d172af52ad204d19982739aa2346245cc5ba6f579d16dac4bfec226d2e7",
                "sha256:8ae9cda41fa114e28faf86cb137d751a17ffd0316d1c34ccf2235e8a84365c7f",
                "sha256:8f3ceecd20d71067c7fd4c9e832d4e22584318983cabc013dbf3f70ea95de346",
                "sha256:9fac43a7466eb73e64a9940ac9ed6369baa39b3bf221ae23493a9ec4d0022674",
                "sha256:a70a8dcde91be523c35b2bf96196edc5730edb347e374c7de7cd20c43ed95397",
                "sha256:adfdeab2da79ea2f76f87eb42a3ab1966a5313e5a69a0213a3cc06ef692b0e96",
                "sha256:ba07e92756c97e3aca0912b5cbc4e5ad802f4557212788e72a72a47ff376950d",
                "sha256:c07253088265c363d1ddf4b3cdb808d59a0468ecd017770ed716991620b8f77a",
                "sha256:c9d8c8ec7efb887333cf71e328e39cffbf771d8f8f95d308ea4125bf5f90ba64",
                "sha256:d00e6be486affb5781468457b21a6cbe848c33ef43f9ea4a73b4882e5f188a44",
                "sha256:d429c2430c93b7903914e4db9a966c7f2b068dd2ebdd2fa9b9ce094c7d459f33"
            ],
            "index": "pypi",
            "version": "==3.0.0"
        }
    },
    "develop": {}
}
